[{<<"cowboy">>,
  {git,"https://github.com/ninenines/cowboy.git",
       {ref,"2a7bb7ba11793f9fb2cc235ab1a370196c7ee684"}},
  1},
 {<<"cowlib">>,
  {git,"https://github.com/ninenines/cowlib",
       {ref,"45f750db410a4b08c68d142ad0af839f544c5d3d"}},
  2},
 {<<"jsone">>,
  {git,"https://github.com/sile/jsone.git",
       {ref,"e533179d651cc356556bbe5e4b7caddb0919d593"}},
  0},
 {<<"mqttl">>,
  {git,"https://github.com/kgyokov/MQTT-Lib.git",
       {ref,"4611ba66fecd64a5260397ed0457f19f0c1ef23b"}},
  0},
 {<<"ranch">>,
  {git,"https://github.com/ninenines/ranch",
       {ref,"cbfed2c3c70f7ef4bef3479e65acc10d08903304"}},
  1}].
